{
    "_meta": {
        "hash": {
            "sha256": "947aeeb4a9b0fecae958a8612dff954c92a8a253addead8820f18b8953709915"
        },
        "pipfile-spec": 6,
        "requires": {
            "python_version": "3.10"
        },
        "sources": [
            {
                "name": "pypi",
                "url": "https://pypi.org/simple",
                "verify_ssl": true
            }
        ]
    },
    "default": {
        "appnope": {
            "hashes": [
                "sha256:02bd91c4de869fbb1e1c50aafc4098827a7a54ab2f39d9dcba6c9547ed920e24",
                "sha256:265a455292d0bd8a72453494fa24df5a11eb18373a60c7c0430889f22548605e"
            ],
            "markers": "sys_platform == 'darwin'",
            "version": "==0.1.3"
        },
        "asttokens": {
            "hashes": [
                "sha256:4622110b2a6f30b77e1473affaa97e711bc2f07d3f10848420ff1898edbe94f3",
                "sha256:6b0ac9e93fb0335014d382b8fa9b3afa7df546984258005da0b9e7095b3deb1c"
            ],
            "version": "==2.2.1"
        },
        "backcall": {
            "hashes": [
                "sha256:5cbdbf27be5e7cfadb448baf0aa95508f91f2bbc6c6437cd9cd06e2a4c215e1e",
                "sha256:fbbce6a29f263178a1f7915c1940bde0ec2b2a967566fe1c65c1dfb7422bd255"
            ],
            "version": "==0.2.0"
        },
        "decorator": {
            "hashes": [
                "sha256:637996211036b6385ef91435e4fae22989472f9d571faba8927ba8253acbc330",
                "sha256:b8c3f85900b9dc423225913c5aace94729fe1fa9763b38939a95226f02d37186"
            ],
            "markers": "python_version >= '3.5'",
            "version": "==5.1.1"
        },
        "executing": {
            "hashes": [
                "sha256:0314a69e37426e3608aada02473b4161d4caf5a4b244d1d0c48072b8fee7bacc",
                "sha256:19da64c18d2d851112f09c287f8d3dbbdf725ab0e569077efb6cdcbd3497c107"
            ],
            "version": "==1.2.0"
        },
        "ipython": {
            "hashes": [
                "sha256:1c183bf61b148b00bcebfa5d9b39312733ae97f6dad90d7e9b4d86c8647f498c",
                "sha256:a950236df04ad75b5bc7f816f9af3d74dc118fd42f2ff7e80e8e60ca1f182e2d"
            ],
            "index": "pypi",
            "version": "==8.12.0"
        },
        "jedi": {
            "hashes": [
                "sha256:203c1fd9d969ab8f2119ec0a3342e0b49910045abe6af0a3ae83a5764d54639e",
                "sha256:bae794c30d07f6d910d32a7048af09b5a39ed740918da923c6b780790ebac612"
            ],
            "markers": "python_version >= '3.6'",
            "version": "==0.18.2"
        },
        "matplotlib-inline": {
            "hashes": [
                "sha256:f1f41aab5328aa5aaea9b16d083b128102f8712542f819fe7e6a420ff581b311",
                "sha256:f887e5f10ba98e8d2b150ddcf4702c1e5f8b3a20005eb0f74bfdbd360ee6f304"
            ],
            "markers": "python_version >= '3.5'",
            "version": "==0.1.6"
        },
        "numpy": {
            "hashes": [
                "sha256:0ec87a7084caa559c36e0a2309e4ecb1baa03b687201d0a847c8b0ed476a7187",
                "sha256:1a7d6acc2e7524c9955e5c903160aa4ea083736fde7e91276b0e5d98e6332812",
                "sha256:202de8f38fc4a45a3eea4b63e2f376e5f2dc64ef0fa692838e31a808520efaf7",
                "sha256:210461d87fb02a84ef243cac5e814aad2b7f4be953b32cb53327bb49fd77fbb4",
                "sha256:2d926b52ba1367f9acb76b0df6ed21f0b16a1ad87c6720a1121674e5cf63e2b6",
                "sha256:352ee00c7f8387b44d19f4cada524586f07379c0d49270f87233983bc5087ca0",
                "sha256:35400e6a8d102fd07c71ed7dcadd9eb62ee9a6e84ec159bd48c28235bbb0f8e4",
                "sha256:3c1104d3c036fb81ab923f507536daedc718d0ad5a8707c6061cdfd6d184e570",
                "sha256:4719d5aefb5189f50887773699eaf94e7d1e02bf36c1a9d353d9f46703758ca4",
                "sha256:4749e053a29364d3452c034827102ee100986903263e89884922ef01a0a6fd2f",
                "sha256:5342cf6aad47943286afa6f1609cad9b4266a05e7f2ec408e2cf7aea7ff69d80",
                "sha256:56e48aec79ae238f6e4395886b5eaed058abb7231fb3361ddd7bfdf4eed54289",
                "sha256:76e3f4e85fc5d4fd311f6e9b794d0c00e7002ec122be271f2019d63376f1d385",
                "sha256:7776ea65423ca6a15255ba1872d82d207bd1e09f6d0894ee4a64678dd2204078",
                "sha256:784c6da1a07818491b0ffd63c6bbe5a33deaa0e25a20e1b3ea20cf0e43f8046c",
                "sha256:8535303847b89aa6b0f00aa1dc62867b5a32923e4d1681a35b5eef2d9591a463",
                "sha256:9a7721ec204d3a237225db3e194c25268faf92e19338a35f3a224469cb6039a3",
                "sha256:a1d3c026f57ceaad42f8231305d4653d5f05dc6332a730ae5c0bea3513de0950",
                "sha256:ab344f1bf21f140adab8e47fdbc7c35a477dc01408791f8ba00d018dd0bc5155",
                "sha256:ab5f23af8c16022663a652d3b25dcdc272ac3f83c3af4c02eb8b824e6b3ab9d7",
                "sha256:ae8d0be48d1b6ed82588934aaaa179875e7dc4f3d84da18d7eae6eb3f06c242c",
                "sha256:c91c4afd8abc3908e00a44b2672718905b8611503f7ff87390cc0ac3423fb096",
                "sha256:d5036197ecae68d7f491fcdb4df90082b0d4960ca6599ba2659957aafced7c17",
                "sha256:d6cc757de514c00b24ae8cf5c876af2a7c3df189028d68c0cb4eaa9cd5afc2bf",
                "sha256:d933fabd8f6a319e8530d0de4fcc2e6a61917e0b0c271fded460032db42a0fe4",
                "sha256:ea8282b9bcfe2b5e7d491d0bf7f3e2da29700cec05b49e64d6246923329f2b02",
                "sha256:ecde0f8adef7dfdec993fd54b0f78183051b6580f606111a6d789cd14c61ea0c",
                "sha256:f21c442fdd2805e91799fbe044a7b999b8571bb0ab0f7850d0cb9641a687092b"
            ],
            "markers": "python_version >= '3.10'",
            "version": "==1.24.3"
        },
        "pandas": {
            "hashes": [
                "sha256:0778ab54c8f399d83d98ffb674d11ec716449956bc6f6821891ab835848687f2",
                "sha256:24472cfc7ced511ac90608728b88312be56edc8f19b9ed885a7d2e47ffaf69c0",
                "sha256:2d1d138848dd71b37e3cbe7cd952ff84e2ab04d8988972166e18567dcc811245",
                "sha256:3bb9d840bf15656805f6a3d87eea9dcb7efdf1314a82adcf7f00b820427c5570",
                "sha256:425705cee8be54db2504e8dd2a730684790b15e5904b750c367611ede49098ab",
                "sha256:4f3320bb55f34af4193020158ef8118ee0fb9aec7cc47d2084dbfdd868a0a24f",
                "sha256:4ffb14f50c74ee541610668137830bb93e9dfa319b1bef2cedf2814cd5ac9c70",
                "sha256:52c858de9e9fc422d25e67e1592a6e6135d7bcf9a19fcaf4d0831a0be496bf21",
                "sha256:57c34b79c13249505e850d0377b722961b99140f81dafbe6f19ef10239f6284a",
                "sha256:6ded51f7e3dd9b4f8b87f2ceb7bd1a8df2491f7ee72f7074c6927a512607199e",
                "sha256:70db5c278bbec0306d32bf78751ff56b9594c05a5098386f6c8a563659124f91",
                "sha256:78425ca12314b23356c28b16765639db10ebb7d8983f705d6759ff7fe41357fa",
                "sha256:8318de0f886e4dcb8f9f36e45a3d6a6c3d1cfdc508354da85e739090f0222991",
                "sha256:8f987ec26e96a8490909bc5d98c514147236e49830cba7df8690f6087c12bbae",
                "sha256:9253edfd015520ce77a9343eb7097429479c039cd3ebe81d7810ea11b4b24695",
                "sha256:977326039bd1ded620001a1889e2ed4798460a6bc5a24fbaebb5f07a41c32a55",
                "sha256:a4f789b7c012a608c08cda4ff0872fd979cb18907a37982abe884e6f529b8793",
                "sha256:b3ba8f5dd470d8bfbc4259829589f4a32881151c49e36384d9eb982b35a12020",
                "sha256:b5337c87c4e963f97becb1217965b6b75c6fe5f54c4cf09b9a5ac52fc0bd03d3",
                "sha256:bbb2c5e94d6aa4e632646a3bacd05c2a871c3aa3e85c9bec9be99cb1267279f2",
                "sha256:c24c7d12d033a372a9daf9ff2c80f8b0af6f98d14664dbb0a4f6a029094928a7",
                "sha256:cda9789e61b44463c1c4fe17ef755de77bcd13b09ba31c940d20f193d63a5dc8",
                "sha256:d08e41d96bc4de6f500afe80936c68fce6099d5a434e2af7c7fd8e7c72a3265d",
                "sha256:d93b7fcfd9f3328072b250d6d001dcfeec5d3bb66c1b9c8941e109a46c0c01a8",
                "sha256:fcd471c9d9f60926ab2f15c6c29164112f458acb42280365fbefa542d0c2fc74"
            ],
            "index": "pypi",
            "version": "==2.0.0"
        },
        "parso": {
            "hashes": [
                "sha256:8c07be290bb59f03588915921e29e8a50002acaf2cdc5fa0e0114f91709fafa0",
                "sha256:c001d4636cd3aecdaf33cbb40aebb59b094be2a74c556778ef5576c175e19e75"
            ],
            "markers": "python_version >= '3.6'",
            "version": "==0.8.3"
        },
        "pexpect": {
            "hashes": [
                "sha256:0b48a55dcb3c05f3329815901ea4fc1537514d6ba867a152b581d69ae3710937",
                "sha256:fc65a43959d153d0114afe13997d439c22823a27cefceb5ff35c2178c6784c0c"
            ],
            "markers": "sys_platform != 'win32'",
            "version": "==4.8.0"
        },
        "pickleshare": {
            "hashes": [
                "sha256:87683d47965c1da65cdacaf31c8441d12b8044cdec9aca500cd78fc2c683afca",
                "sha256:9649af414d74d4df115d5d718f82acb59c9d418196b7b4290ed47a12ce62df56"
            ],
            "version": "==0.7.5"
        },
        "prompt-toolkit": {
            "hashes": [
                "sha256:23ac5d50538a9a38c8bde05fecb47d0b403ecd0662857a86f886f798563d5b9b",
                "sha256:45ea77a2f7c60418850331366c81cf6b5b9cf4c7fd34616f733c5427e6abbb1f"
            ],
            "markers": "python_full_version >= '3.7.0'",
            "version": "==3.0.38"
        },
        "psycopg2": {
            "hashes": [
                "sha256:11aca705ec888e4f4cea97289a0bf0f22a067a32614f6ef64fcf7b8bfbc53744",
                "sha256:1861a53a6a0fd248e42ea37c957d36950da00266378746588eab4f4b5649e95f",
                "sha256:2362ee4d07ac85ff0ad93e22c693d0f37ff63e28f0615a16b6635a645f4b9214",
                "sha256:36c941a767341d11549c0fbdbb2bf5be2eda4caf87f65dfcd7d146828bd27f39",
                "sha256:53f4ad0a3988f983e9b49a5d9765d663bbe84f508ed655affdb810af9d0972ad",
                "sha256:869776630c04f335d4124f120b7fb377fe44b0a7645ab3c34b4ba42516951889",
                "sha256:a8ad4a47f42aa6aec8d061fdae21eaed8d864d4bb0f0cade5ad32ca16fcd6258",
                "sha256:b81fcb9ecfc584f661b71c889edeae70bae30d3ef74fa0ca388ecda50b1222b7",
                "sha256:d24ead3716a7d093b90b27b3d73459fe8cd90fd7065cf43b3c40966221d8c394",
                "sha256:ded2faa2e6dfb430af7713d87ab4abbfc764d8d7fb73eafe96a24155f906ebf5",
                "sha256:f15158418fd826831b28585e2ab48ed8df2d0d98f502a2b4fe619e7d5ca29011",
                "sha256:f75001a1cbbe523e00b0ef896a5a1ada2da93ccd752b7636db5a99bc57c44494",
                "sha256:f7a7a5ee78ba7dc74265ba69e010ae89dae635eea0e97b055fb641a01a31d2b1"
            ],
            "index": "pypi",
            "version": "==2.9.6"
        },
        "ptyprocess": {
            "hashes": [
                "sha256:4b41f3967fce3af57cc7e94b888626c18bf37a083e3651ca8feeb66d492fef35",
                "sha256:5c5d0a3b48ceee0b48485e0c26037c0acd7d29765ca3fbb5cb3831d347423220"
            ],
            "version": "==0.7.0"
        },
        "pure-eval": {
            "hashes": [
                "sha256:01eaab343580944bc56080ebe0a674b39ec44a945e6d09ba7db3cb8cec289350",
                "sha256:2b45320af6dfaa1750f543d714b6d1c520a1688dec6fd24d339063ce0aaa9ac3"
            ],
            "version": "==0.2.2"
        },
        "pygments": {
            "hashes": [
                "sha256:8ace4d3c1dd481894b2005f560ead0f9f19ee64fe983366be1a21e171d12775c",
                "sha256:db2db3deb4b4179f399a09054b023b6a586b76499d36965813c71aa8ed7b5fd1"
            ],
            "markers": "python_version >= '3.7'",
            "version": "==2.15.1"
        },
        "python-dateutil": {
            "hashes": [
                "sha256:0123cacc1627ae19ddf3c27a5de5bd67ee4586fbdd6440d9748f8abb483d3e86",
                "sha256:961d03dc3453ebbc59dbdea9e4e11c5651520a876d0f4db161e8674aae935da9"
            ],
            "markers": "python_version >= '2.7' and python_version not in '3.0, 3.1, 3.2'",
            "version": "==2.8.2"
        },
        "pytz": {
            "hashes": [
                "sha256:1d8ce29db189191fb55338ee6d0387d82ab59f3d00eac103412d64e0ebd0c588",
                "sha256:a151b3abb88eda1d4e34a9814df37de2a80e301e68ba0fd856fb9b46bfbbbffb"
            ],
            "version": "==2023.3"
        },
        "shapely": {
            "hashes": [
                "sha256:01224899ff692a62929ef1a3f5fe389043e262698a708ab7569f43a99a48ae82",
                "sha256:05c51a29336e604c084fb43ae5dbbfa2c0ef9bd6fedeae0a0d02c7b57a56ba46",
                "sha256:09d6c7763b1bee0d0a2b84bb32a4c25c6359ad1ac582a62d8b211e89de986154",
                "sha256:193a398d81c97a62fc3634a1a33798a58fd1dcf4aead254d080b273efbb7e3ff",
                "sha256:1a34a23d6266ca162499e4a22b79159dc0052f4973d16f16f990baa4d29e58b6",
                "sha256:2569a4b91caeef54dd5ae9091ae6f63526d8ca0b376b5bb9fd1a3195d047d7d4",
                "sha256:33403b8896e1d98aaa3a52110d828b18985d740cc9f34f198922018b1e0f8afe",
                "sha256:3ad81f292fffbd568ae71828e6c387da7eb5384a79db9b4fde14dd9fdeffca9a",
                "sha256:3cb256ae0c01b17f7bc68ee2ffdd45aebf42af8992484ea55c29a6151abe4386",
                "sha256:45b4833235b90bc87ee26c6537438fa77559d994d2d3be5190dd2e54d31b2820",
                "sha256:4641325e065fd3e07d55677849c9ddfd0cf3ee98f96475126942e746d55b17c8",
                "sha256:502e0a607f1dcc6dee0125aeee886379be5242c854500ea5fd2e7ac076b9ce6d",
                "sha256:66a6b1a3e72ece97fc85536a281476f9b7794de2e646ca8a4517e2e3c1446893",
                "sha256:70a18fc7d6418e5aea76ac55dce33f98e75bd413c6eb39cfed6a1ba36469d7d4",
                "sha256:7d3bbeefd8a6a1a1017265d2d36f8ff2d79d0162d8c141aa0d37a87063525656",
                "sha256:83a8ec0ee0192b6e3feee9f6a499d1377e9c295af74d7f81ecba5a42a6b195b7",
                "sha256:865bc3d7cc0ea63189d11a0b1120d1307ed7a64720a8bfa5be2fde5fc6d0d33f",
                "sha256:90cfa4144ff189a3c3de62e2f3669283c98fb760cfa2e82ff70df40f11cadb39",
                "sha256:91575d97fd67391b85686573d758896ed2fc7476321c9d2e2b0c398b628b961c",
                "sha256:9a6ac34c16f4d5d3c174c76c9d7614ec8fe735f8f82b6cc97a46b54f386a86bf",
                "sha256:a529218e72a3dbdc83676198e610485fdfa31178f4be5b519a8ae12ea688db14",
                "sha256:a70a614791ff65f5e283feed747e1cc3d9e6c6ba91556e640636bbb0a1e32a71",
                "sha256:ac1dfc397475d1de485e76de0c3c91cc9d79bd39012a84bb0f5e8a199fc17bef",
                "sha256:b06d031bc64149e340448fea25eee01360a58936c89985cf584134171e05863f",
                "sha256:b4f0711cc83734c6fad94fc8d4ec30f3d52c1787b17d9dca261dc841d4731c64",
                "sha256:b50c401b64883e61556a90b89948297f1714dbac29243d17ed9284a47e6dd731",
                "sha256:b519cf3726ddb6c67f6a951d1bb1d29691111eaa67ea19ddca4d454fbe35949c",
                "sha256:bca57b683e3d94d0919e2f31e4d70fdfbb7059650ef1b431d9f4e045690edcd5",
                "sha256:c43755d2c46b75a7b74ac6226d2cc9fa2a76c3263c5ae70c195c6fb4e7b08e79",
                "sha256:c7eed1fb3008a8a4a56425334b7eb82651a51f9e9a9c2f72844a2fb394f38a6c",
                "sha256:c8b0d834b11be97d5ab2b4dceada20ae8e07bcccbc0f55d71df6729965f406ad",
                "sha256:ce88ec79df55430e37178a191ad8df45cae90b0f6972d46d867bf6ebbb58cc4d",
                "sha256:d173d24e85e51510e658fb108513d5bc11e3fd2820db6b1bd0522266ddd11f51",
                "sha256:d8f55f355be7821dade839df785a49dc9f16d1af363134d07eb11e9207e0b189",
                "sha256:da71de5bf552d83dcc21b78cc0020e86f8d0feea43e202110973987ffa781c21",
                "sha256:e55698e0ed95a70fe9ff9a23c763acfe0bf335b02df12142f74e4543095e9a9b",
                "sha256:f32a748703e7bf6e92dfa3d2936b2fbfe76f8ce5f756e24f49ef72d17d26ad02",
                "sha256:f470a130d6ddb05b810fc1776d918659407f8d025b7f56d2742a596b6dffa6c7"
            ],
            "index": "pypi",
            "version": "==2.0.1"
        },
        "six": {
            "hashes": [
                "sha256:1e61c37477a1626458e36f7b1d82aa5c9b094fa4802892072e49de9c60c4c926",
                "sha256:8abb2f1d86890a2dfb989f9a77cfcfd3e47c2a354b01111771326f8aa26e0254"
            ],
            "markers": "python_version >= '2.7' and python_version not in '3.0, 3.1, 3.2'",
            "version": "==1.16.0"
        },
        "sqlalchemy": {
            "hashes": [
                "sha256:04020aba2c0266ec521095ddd5cb760fc0067b0088828ccbf6b323c900a62e59",
                "sha256:06401013dad015e6f6f72c946f66d750fe4c5ef852ed2f15537d572cb92d7a75",
                "sha256:096d9f72882035b4c6906172bf5c5afe4caefbfe0e028ab0c83dfdaa670cc193",
                "sha256:1f5638aac94c8f3fe04ca030e2b3e84d52d70f15d67f35f794fd2057284abced",
                "sha256:1fa90ed075ebc5fefc504c0e35b84fde1880d7c095473c5aa0c01f63eb37beae",
                "sha256:207c2cc9b946f832fd45fbdd6276c28e3e80b206909a028cd163e87f4080a333",
                "sha256:23e3e1cc3634a70bba2ab10c144d4f11cf0ddeca239bbdaf646770873030c600",
                "sha256:28c79289b4bf21cf09fb770b124cfae2432bbafb2ffd6758ac280bc1cacabfac",
                "sha256:2bd944dc701be15a91ec965c6634ab90998ca2d14e4f1f568545547a3a3adc16",
                "sha256:2fdccadc9359784ae12ae9199849b724c7165220ae93c6066e841b66c6823742",
                "sha256:300e8165bc78a0a917b39617730caf2c08c399302137c562e5ce7a37780ad10f",
                "sha256:39869cf2cfe73c8ad9a6f15712a2ed8c13c1f87646611882efb6a8ec80d180e8",
                "sha256:3e77ed2e6d911aafc931c92033262d2979a44317294328b071a53aa10e2a9614",
                "sha256:4a1ec8fcbe7e6a6ec28e161c6030d8cf5077e31efc3d08708d8de5aa8314b345",
                "sha256:5892afc393ecd5f20910ff5a6b90d56620ec2ef3e36e3358eaedbae2aa36816d",
                "sha256:5e8abd2ce0745a2819f3e41a17570c9d74b634a5b5ab5a04de5919e55d5d8601",
                "sha256:61ea1af2d01e709dcd4edc0d994db42bac6b2673c093cc35df3875e54cad9cef",
                "sha256:631ea4d1a8d78b43126773fa2de5472d97eb54dc4b9fbae4d8bd910f72f31f25",
                "sha256:6b15cadba33d77e6fcee4f4f7706913d143d20e48ce26e9b6578b5cd07d4a353",
                "sha256:70aed8f508f6c2f4da63ee6fa853534bb97d47bc82e28d56442f62a0b6ad2660",
                "sha256:736e92fa4d6e020fc780b915bcdd69749ad32c79bc6b031e85dcd2b8069f8de1",
                "sha256:7a8ca39fbc2dfe357f03e398bf5c1421b9b6614a8cf69ccada9ab3ef7e036073",
                "sha256:7da5bf86746ddbf8d68f1a3f9d1efee1d95e07d5ad63f47b839f4db799e12566",
                "sha256:88df3327c32468716a52c10e7991268afb552a0a7ef36130925864f28873d2e0",
                "sha256:89e7a05639b3ae4fd17062a37b0ee336ea50ac9751e98e3330a6ed95daa4880c",
                "sha256:8a3e3f34468a512b3886ac5584384aed8bef388297c710509a842fb1468476f3",
                "sha256:8c3366be42bca5c066703af54b856e00f23b8fbef9ab0346a58d34245af695a5",
                "sha256:9a77e29a96779f373eb144040e5fae1e3944916c13360715e74f73b186f0d8d2",
                "sha256:a4cdac392547dec07d69c5e8b05374b0357359ebc58ab2bbcb9fa0370ecb715f",
                "sha256:a9aa445201754a49b7ddb0b99fbe5ccf98f6900548fc60a0a07dde2253dd541e",
                "sha256:af525e9fbcf7da7404fc4b91ca4ce6172457d3f4390b93941fb97bfe29afb7dc",
                "sha256:b608ad640ac70e2901d111a69ad975e6b0ca39947e08cc28691b0de00831a787",
                "sha256:d46edd508123413595a17bb64655db7c4bfefa83e721a3064f66e046e9a6a103",
                "sha256:d975ac2bc513f530fa2574eb58e0ca731357d4686de2fb644af3036fca4f3fd6",
                "sha256:dcd5793b98eb043703895443cc399fb8e2ce21c9b09757e954e425c8415c541b",
                "sha256:dd40fbf4f916a41b4afe50665e2d029a1c9f74967fd3b7422475529641d31ef5",
                "sha256:dddbe2c012d712873fb9f203512db57d3cbdd20803f0792aa01bc513da8a2380",
                "sha256:e9d7e65c2c4f313524399f6b8ec14bfa8f4e9fccd999ff585e10e073cfd21429",
                "sha256:ec910449c70b0359dbe08a5e8c63678c7ef0113ab61cd0bb2e80ed09ea8ce6ab",
                "sha256:ed368ee7b1c119d5f6321cc9a3ea806adacf522bb4c2e9e398cbfc2e2cc68a2a",
                "sha256:faa6d2e6d6d46d2d58c5a4713148300b44fcfc911341ec82d8731488d0757f96"
            ],
            "index": "pypi",
            "version": "==2.0.10"
        },
        "stack-data": {
            "hashes": [
                "sha256:32d2dd0376772d01b6cb9fc996f3c8b57a357089dec328ed4b6553d037eaf815",
                "sha256:cbb2a53eb64e5785878201a97ed7c7b94883f48b87bfb0bbe8b623c74679e4a8"
            ],
            "version": "==0.6.2"
        },
        "traitlets": {
            "hashes": [
                "sha256:9e6ec080259b9a5940c797d58b613b5e31441c2257b87c2e795c5228ae80d2d8",
                "sha256:f6cde21a9c68cf756af02035f72d5a723bf607e862e7be33ece505abf4a3bad9"
            ],
            "markers": "python_version >= '3.7'",
            "version": "==5.9.0"
        },
        "typing-extensions": {
            "hashes": [
                "sha256:5cb5f4a79139d699607b3ef622a1dedafa84e115ab0024e0d9c044a9479ca7cb",
                "sha256:fb33085c39dd998ac16d1431ebc293a8b3eedd00fd4a32de0ff79002c19511b4"
            ],
            "markers": "python_version >= '3.7'",
            "version": "==4.5.0"
        },
        "tzdata": {
            "hashes": [
                "sha256:11ef1e08e54acb0d4f95bdb1be05da659673de4acbd21bf9c69e94cc5e907a3a",
                "sha256:7e65763eef3120314099b6939b5546db7adce1e7d6f2e179e3df563c70511eda"
            ],
            "markers": "python_version >= '2'",
            "version": "==2023.3"
        },
        "wcwidth": {
            "hashes": [
                "sha256:795b138f6875577cd91bba52baf9e445cd5118fd32723b460e30a0af30ea230e",
                "sha256:a5220780a404dbe3353789870978e472cfe477761f06ee55077256e509b156d0"
            ],
            "version": "==0.2.6"
        }
    },
    "develop": {}
}
